
Microsoft Visual Studio Solution File, Format Version 12.00
# Visual Studio Version 16
VisualStudioVersion = 16.0.31129.286
MinimumVisualStudioVersion = 10.0.40219.1
Project("{FAE04EC0-301F-11D3-BF4B-00C04F79EFBC}") = "UC10-SortDataTableByAddressBookType", "UC10-SortDataTableByAddressBookType.csproj", "{7064DF77-8FEA-4DB2-AF23-DD39C6AA2AAB}"
EndProject
Global
	GlobalSection(SolutionConfigurationPlatforms) = preSolution
		Debug|Any CPU = Debug|Any CPU
		Release|Any CPU = Release|Any CPU
	EndGlobalSection
	GlobalSection(ProjectConfigurationPlatforms) = postSolution
		{7064DF77-8FEA-4DB2-AF23-DD39C6AA2AAB}.Debug|Any CPU.ActiveCfg = Debug|Any CPU
		{7064DF77-8FEA-4DB2-AF23-DD39C6AA2AAB}.Debug|Any CPU.Build.0 = Debug|Any CPU
		{7064DF77-8FEA-4DB2-AF23-DD39C6AA2AAB}.Release|Any CPU.ActiveCfg = Release|Any CPU
		{7064DF77-8FEA-4DB2-AF23-DD39C6AA2AAB}.Release|Any CPU.Build.0 = Release|Any CPU
	EndGlobalSection
	GlobalSection(SolutionProperties) = preSolution
		HideSolutionNode = FALSE
	EndGlobalSection
	GlobalSection(ExtensibilityGlobals) = postSolution
		SolutionGuid = {E2364E7C-7961-4BBF-AA7E-5BAC73C3138B}
	EndGlobalSection
EndGlobal
